
Microsoft Visual Studio Solution File, Format Version 12.00
# Visual Studio Version 17
VisualStudioVersion = 17.7.34202.233
MinimumVisualStudioVersion = 10.0.40219.1
Project("{FAE04EC0-301F-11D3-BF4B-00C04F79EFBC}") = "IntroductionToDOTNET", "IntroductionToDOTNET\IntroductionToDOTNET.csproj", "{F775089C-44F6-41B9-9127-49EC17C5D1A3}"
EndProject
Project("{FAE04EC0-301F-11D3-BF4B-00C04F79EFBC}") = "DataTypes", "DataTypes\DataTypes.csproj", "{232E486D-2FED-4215-9ECF-238B55D1D36C}"
EndProject
Project("{FAE04EC0-301F-11D3-BF4B-00C04F79EFBC}") = "Figures", "Figures\Figures.csproj", "{71BBF77B-B4F3-465F-A3B6-82AF39008F84}"
EndProject
Project("{FAE04EC0-301F-11D3-BF4B-00C04F79EFBC}") = "Factorial", "Factorial\Factorial.csproj", "{B641493F-7C81-4429-AA0F-3C31B2E5217D}"
EndProject
Project("{FAE04EC0-301F-11D3-BF4B-00C04F79EFBC}") = "Game", "Game\Game.csproj", "{990BC708-112E-46FD-A286-2CB9987DDF58}"
EndProject
Project("{FAE04EC0-301F-11D3-BF4B-00C04F79EFBC}") = "Calculator", "Calculator\Calculator.csproj", "{8BF44ABA-7CFD-4BF5-9DAB-19F0027A5CB5}"
EndProject
Project("{FAE04EC0-301F-11D3-BF4B-00C04F79EFBC}") = "Arrays", "Arrays\Arrays.csproj", "{C21F9558-137E-41E4-9472-177F800FDBA1}"
EndProject
Project("{FAE04EC0-301F-11D3-BF4B-00C04F79EFBC}") = "Encapsulation", "Encapsulation\Encapsulation.csproj", "{0BAEF975-5EFD-48EE-8B99-9AA10F342314}"
EndProject
Project("{FAE04EC0-301F-11D3-BF4B-00C04F79EFBC}") = "Fraction", "Fraction\Fraction.csproj", "{3EEBCFB8-9517-4ED1-A779-D7AD812176E8}"
EndProject
Global
	GlobalSection(SolutionConfigurationPlatforms) = preSolution
		Debug|Any CPU = Debug|Any CPU
		Release|Any CPU = Release|Any CPU
	EndGlobalSection
	GlobalSection(ProjectConfigurationPlatforms) = postSolution
		{F775089C-44F6-41B9-9127-49EC17C5D1A3}.Debug|Any CPU.ActiveCfg = Debug|Any CPU
		{F775089C-44F6-41B9-9127-49EC17C5D1A3}.Debug|Any CPU.Build.0 = Debug|Any CPU
		{F775089C-44F6-41B9-9127-49EC17C5D1A3}.Release|Any CPU.ActiveCfg = Release|Any CPU
		{F775089C-44F6-41B9-9127-49EC17C5D1A3}.Release|Any CPU.Build.0 = Release|Any CPU
		{232E486D-2FED-4215-9ECF-238B55D1D36C}.Debug|Any CPU.ActiveCfg = Debug|Any CPU
		{232E486D-2FED-4215-9ECF-238B55D1D36C}.Debug|Any CPU.Build.0 = Debug|Any CPU
		{232E486D-2FED-4215-9ECF-238B55D1D36C}.Release|Any CPU.ActiveCfg = Release|Any CPU
		{232E486D-2FED-4215-9ECF-238B55D1D36C}.Release|Any CPU.Build.0 = Release|Any CPU
		{71BBF77B-B4F3-465F-A3B6-82AF39008F84}.Debug|Any CPU.ActiveCfg = Debug|Any CPU
		{71BBF77B-B4F3-465F-A3B6-82AF39008F84}.Debug|Any CPU.Build.0 = Debug|Any CPU
		{71BBF77B-B4F3-465F-A3B6-82AF39008F84}.Release|Any CPU.ActiveCfg = Release|Any CPU
		{71BBF77B-B4F3-465F-A3B6-82AF39008F84}.Release|Any CPU.Build.0 = Release|Any CPU
		{B641493F-7C81-4429-AA0F-3C31B2E5217D}.Debug|Any CPU.ActiveCfg = Debug|Any CPU
		{B641493F-7C81-4429-AA0F-3C31B2E5217D}.Debug|Any CPU.Build.0 = Debug|Any CPU
		{B641493F-7C81-4429-AA0F-3C31B2E5217D}.Release|Any CPU.ActiveCfg = Release|Any CPU
		{B641493F-7C81-4429-AA0F-3C31B2E5217D}.Release|Any CPU.Build.0 = Release|Any CPU
		{990BC708-112E-46FD-A286-2CB9987DDF58}.Debug|Any CPU.ActiveCfg = Debug|Any CPU
		{990BC708-112E-46FD-A286-2CB9987DDF58}.Debug|Any CPU.Build.0 = Debug|Any CPU
		{990BC708-112E-46FD-A286-2CB9987DDF58}.Release|Any CPU.ActiveCfg = Release|Any CPU
		{990BC708-112E-46FD-A286-2CB9987DDF58}.Release|Any CPU.Build.0 = Release|Any CPU
		{8BF44ABA-7CFD-4BF5-9DAB-19F0027A5CB5}.Debug|Any CPU.ActiveCfg = Debug|Any CPU
		{8BF44ABA-7CFD-4BF5-9DAB-19F0027A5CB5}.Debug|Any CPU.Build.0 = Debug|Any CPU
		{8BF44ABA-7CFD-4BF5-9DAB-19F0027A5CB5}.Release|Any CPU.ActiveCfg = Release|Any CPU
		{8BF44ABA-7CFD-4BF5-9DAB-19F0027A5CB5}.Release|Any CPU.Build.0 = Release|Any CPU
		{C21F9558-137E-41E4-9472-177F800FDBA1}.Debug|Any CPU.ActiveCfg = Debug|Any CPU
		{C21F9558-137E-41E4-9472-177F800FDBA1}.Debug|Any CPU.Build.0 = Debug|Any CPU
		{C21F9558-137E-41E4-9472-177F800FDBA1}.Release|Any CPU.ActiveCfg = Release|Any CPU
		{C21F9558-137E-41E4-9472-177F800FDBA1}.Release|Any CPU.Build.0 = Release|Any CPU
		{0BAEF975-5EFD-48EE-8B99-9AA10F342314}.Debug|Any CPU.ActiveCfg = Debug|Any CPU
		{0BAEF975-5EFD-48EE-8B99-9AA10F342314}.Debug|Any CPU.Build.0 = Debug|Any CPU
		{0BAEF975-5EFD-48EE-8B99-9AA10F342314}.Release|Any CPU.ActiveCfg = Release|Any CPU
		{0BAEF975-5EFD-48EE-8B99-9AA10F342314}.Release|Any CPU.Build.0 = Release|Any CPU
		{3EEBCFB8-9517-4ED1-A779-D7AD812176E8}.Debug|Any CPU.ActiveCfg = Debug|Any CPU
		{3EEBCFB8-9517-4ED1-A779-D7AD812176E8}.Debug|Any CPU.Build.0 = Debug|Any CPU
		{3EEBCFB8-9517-4ED1-A779-D7AD812176E8}.Release|Any CPU.ActiveCfg = Release|Any CPU
		{3EEBCFB8-9517-4ED1-A779-D7AD812176E8}.Release|Any CPU.Build.0 = Release|Any CPU
	EndGlobalSection
	GlobalSection(SolutionProperties) = preSolution
		HideSolutionNode = FALSE
	EndGlobalSection
	GlobalSection(ExtensibilityGlobals) = postSolution
		SolutionGuid = {691CE0B7-C799-47A5-98AA-6C8863A5640B}
	EndGlobalSection
EndGlobal
