
Microsoft Visual Studio Solution File, Format Version 12.00
# Visual Studio Version 17
VisualStudioVersion = 17.7.34202.233
MinimumVisualStudioVersion = 10.0.40219.1
Project("{FAE04EC0-301F-11D3-BF4B-00C04F79EFBC}") = "IntroductionToDOTNET", "IntroductionToDOTNET\IntroductionToDOTNET.csproj", "{F775089C-44F6-41B9-9127-49EC17C5D1A3}"
EndProject
Project("{FAE04EC0-301F-11D3-BF4B-00C04F79EFBC}") = "DataTypes", "DataTypes\DataTypes.csproj", "{232E486D-2FED-4215-9ECF-238B55D1D36C}"
EndProject
Project("{FAE04EC0-301F-11D3-BF4B-00C04F79EFBC}") = "Figures", "Figures\Figures.csproj", "{71BBF77B-B4F3-465F-A3B6-82AF39008F84}"
EndProject
Project("{FAE04EC0-301F-11D3-BF4B-00C04F79EFBC}") = "Factorial", "Factorial\Factorial.csproj", "{B641493F-7C81-4429-AA0F-3C31B2E5217D}"
EndProject
Project("{FAE04EC0-301F-11D3-BF4B-00C04F79EFBC}") = "Game", "Game\Game.csproj", "{990BC708-112E-46FD-A286-2CB9987DDF58}"
EndProject
Project("{FAE04EC0-301F-11D3-BF4B-00C04F79EFBC}") = "Calculator", "Calculator\Calculator.csproj", "{8BF44ABA-7CFD-4BF5-9DAB-19F0027A5CB5}"
EndProject
Project("{FAE04EC0-301F-11D3-BF4B-00C04F79EFBC}") = "Arrays", "Arrays\Arrays.csproj", "{C21F9558-137E-41E4-9472-177F800FDBA1}"
EndProject
Project("{FAE04EC0-301F-11D3-BF4B-00C04F79EFBC}") = "Encapsulation", "Encapsulation\Encapsulation.csproj", "{0BAEF975-5EFD-48EE-8B99-9AA10F342314}"
EndProject
Project("{FAE04EC0-301F-11D3-BF4B-00C04F79EFBC}") = "Fraction", "Fraction\Fraction.csproj", "{3EEBCFB8-9517-4ED1-A779-D7AD812176E8}"
EndProject
Project("{FAE04EC0-301F-11D3-BF4B-00C04F79EFBC}") = "Academy", "Academy\Academy.csproj", "{0A270F3C-E82C-4DC1-A540-14EB08FA374E}"
EndProject
Project("{FAE04EC0-301F-11D3-BF4B-00C04F79EFBC}") = "AbstractBaseClass", "AbstractBaseClass\AbstractBaseClass.csproj", "{1014F2CC-CEBC-49BE-815A-ADA8B4DE10C5}"
EndProject
Project("{2150E333-8FDC-42A3-9474-1A3956D46DE8}") = "Inheritance", "Inheritance", "{ABBB4ADC-543A-48FF-8BC8-FEF702C4C0A1}"
EndProject
Project("{FAE04EC0-301F-11D3-BF4B-00C04F79EFBC}") = "Geometry", "Geometry\Geometry.csproj", "{0EB4127C-41DE-477A-9D62-677E3B4EBF13}"
EndProject
Global
	GlobalSection(SolutionConfigurationPlatforms) = preSolution
		Debug|Any CPU = Debug|Any CPU
		Release|Any CPU = Release|Any CPU
	EndGlobalSection
	GlobalSection(ProjectConfigurationPlatforms) = postSolution
		{F775089C-44F6-41B9-9127-49EC17C5D1A3}.Debug|Any CPU.ActiveCfg = Debug|Any CPU
		{F775089C-44F6-41B9-9127-49EC17C5D1A3}.Debug|Any CPU.Build.0 = Debug|Any CPU
		{F775089C-44F6-41B9-9127-49EC17C5D1A3}.Release|Any CPU.ActiveCfg = Release|Any CPU
		{F775089C-44F6-41B9-9127-49EC17C5D1A3}.Release|Any CPU.Build.0 = Release|Any CPU
		{232E486D-2FED-4215-9ECF-238B55D1D36C}.Debug|Any CPU.ActiveCfg = Debug|Any CPU
		{232E486D-2FED-4215-9ECF-238B55D1D36C}.Debug|Any CPU.Build.0 = Debug|Any CPU
		{232E486D-2FED-4215-9ECF-238B55D1D36C}.Release|Any CPU.ActiveCfg = Release|Any CPU
		{232E486D-2FED-4215-9ECF-238B55D1D36C}.Release|Any CPU.Build.0 = Release|Any CPU
		{71BBF77B-B4F3-465F-A3B6-82AF39008F84}.Debug|Any CPU.ActiveCfg = Debug|Any CPU
		{71BBF77B-B4F3-465F-A3B6-82AF39008F84}.Debug|Any CPU.Build.0 = Debug|Any CPU
		{71BBF77B-B4F3-465F-A3B6-82AF39008F84}.Release|Any CPU.ActiveCfg = Release|Any CPU
		{71BBF77B-B4F3-465F-A3B6-82AF39008F84}.Release|Any CPU.Build.0 = Release|Any CPU
		{B641493F-7C81-4429-AA0F-3C31B2E5217D}.Debug|Any CPU.ActiveCfg = Debug|Any CPU
		{B641493F-7C81-4429-AA0F-3C31B2E5217D}.Debug|Any CPU.Build.0 = Debug|Any CPU
		{B641493F-7C81-4429-AA0F-3C31B2E5217D}.Release|Any CPU.ActiveCfg = Release|Any CPU
		{B641493F-7C81-4429-AA0F-3C31B2E5217D}.Release|Any CPU.Build.0 = Release|Any CPU
		{990BC708-112E-46FD-A286-2CB9987DDF58}.Debug|Any CPU.ActiveCfg = Debug|Any CPU
		{990BC708-112E-46FD-A286-2CB9987DDF58}.Debug|Any CPU.Build.0 = Debug|Any CPU
		{990BC708-112E-46FD-A286-2CB9987DDF58}.Release|Any CPU.ActiveCfg = Release|Any CPU
		{990BC708-112E-46FD-A286-2CB9987DDF58}.Release|Any CPU.Build.0 = Release|Any CPU
		{8BF44ABA-7CFD-4BF5-9DAB-19F0027A5CB5}.Debug|Any CPU.ActiveCfg = Debug|Any CPU
		{8BF44ABA-7CFD-4BF5-9DAB-19F0027A5CB5}.Debug|Any CPU.Build.0 = Debug|Any CPU
		{8BF44ABA-7CFD-4BF5-9DAB-19F0027A5CB5}.Release|Any CPU.ActiveCfg = Release|Any CPU
		{8BF44ABA-7CFD-4BF5-9DAB-19F0027A5CB5}.Release|Any CPU.Build.0 = Release|Any CPU
		{C21F9558-137E-41E4-9472-177F800FDBA1}.Debug|Any CPU.ActiveCfg = Debug|Any CPU
		{C21F9558-137E-41E4-9472-177F800FDBA1}.Debug|Any CPU.Build.0 = Debug|Any CPU
		{C21F9558-137E-41E4-9472-177F800FDBA1}.Release|Any CPU.ActiveCfg = Release|Any CPU
		{C21F9558-137E-41E4-9472-177F800FDBA1}.Release|Any CPU.Build.0 = Release|Any CPU
		{0BAEF975-5EFD-48EE-8B99-9AA10F342314}.Debug|Any CPU.ActiveCfg = Debug|Any CPU
		{0BAEF975-5EFD-48EE-8B99-9AA10F342314}.Debug|Any CPU.Build.0 = Debug|Any CPU
		{0BAEF975-5EFD-48EE-8B99-9AA10F342314}.Release|Any CPU.ActiveCfg = Release|Any CPU
		{0BAEF975-5EFD-48EE-8B99-9AA10F342314}.Release|Any CPU.Build.0 = Release|Any CPU
		{3EEBCFB8-9517-4ED1-A779-D7AD812176E8}.Debug|Any CPU.ActiveCfg = Debug|Any CPU
		{3EEBCFB8-9517-4ED1-A779-D7AD812176E8}.Debug|Any CPU.Build.0 = Debug|Any CPU
		{3EEBCFB8-9517-4ED1-A779-D7AD812176E8}.Release|Any CPU.ActiveCfg = Release|Any CPU
		{3EEBCFB8-9517-4ED1-A779-D7AD812176E8}.Release|Any CPU.Build.0 = Release|Any CPU
		{0A270F3C-E82C-4DC1-A540-14EB08FA374E}.Debug|Any CPU.ActiveCfg = Debug|Any CPU
		{0A270F3C-E82C-4DC1-A540-14EB08FA374E}.Debug|Any CPU.Build.0 = Debug|Any CPU
		{0A270F3C-E82C-4DC1-A540-14EB08FA374E}.Release|Any CPU.ActiveCfg = Release|Any CPU
		{0A270F3C-E82C-4DC1-A540-14EB08FA374E}.Release|Any CPU.Build.0 = Release|Any CPU
		{1014F2CC-CEBC-49BE-815A-ADA8B4DE10C5}.Debug|Any CPU.ActiveCfg = Debug|Any CPU
		{1014F2CC-CEBC-49BE-815A-ADA8B4DE10C5}.Debug|Any CPU.Build.0 = Debug|Any CPU
		{1014F2CC-CEBC-49BE-815A-ADA8B4DE10C5}.Release|Any CPU.ActiveCfg = Release|Any CPU
		{1014F2CC-CEBC-49BE-815A-ADA8B4DE10C5}.Release|Any CPU.Build.0 = Release|Any CPU
		{0EB4127C-41DE-477A-9D62-677E3B4EBF13}.Debug|Any CPU.ActiveCfg = Debug|Any CPU
		{0EB4127C-41DE-477A-9D62-677E3B4EBF13}.Debug|Any CPU.Build.0 = Debug|Any CPU
		{0EB4127C-41DE-477A-9D62-677E3B4EBF13}.Release|Any CPU.ActiveCfg = Release|Any CPU
		{0EB4127C-41DE-477A-9D62-677E3B4EBF13}.Release|Any CPU.Build.0 = Release|Any CPU
	EndGlobalSection
	GlobalSection(SolutionProperties) = preSolution
		HideSolutionNode = FALSE
	EndGlobalSection
	GlobalSection(NestedProjects) = preSolution
		{1014F2CC-CEBC-49BE-815A-ADA8B4DE10C5} = {ABBB4ADC-543A-48FF-8BC8-FEF702C4C0A1}
		{0EB4127C-41DE-477A-9D62-677E3B4EBF13} = {ABBB4ADC-543A-48FF-8BC8-FEF702C4C0A1}
	EndGlobalSection
	GlobalSection(ExtensibilityGlobals) = postSolution
		SolutionGuid = {691CE0B7-C799-47A5-98AA-6C8863A5640B}
	EndGlobalSection
EndGlobal
